// !$*UTF8*$!
{
	archiveVersion = 1;
	classes = {
	};
	objectVersion = 56;
	objects = {

/* Begin PBXBuildFile section */
		BD4831FF295A289C00E9C4FC /* Periods.swift in Sources */ = {isa = PBXBuildFile; fileRef = BD4831ED295A289B00E9C4FC /* Periods.swift */; };
		BD483200295A289C00E9C4FC /* Score.swift in Sources */ = {isa = PBXBuildFile; fileRef = BD4831EE295A289B00E9C4FC /* Score.swift */; };
		BD483201295A289C00E9C4FC /* League.swift in Sources */ = {isa = PBXBuildFile; fileRef = BD4831EF295A289B00E9C4FC /* League.swift */; };
		BD483202295A289C00E9C4FC /* Fulltime.swift in Sources */ = {isa = PBXBuildFile; fileRef = BD4831F0295A289B00E9C4FC /* Fulltime.swift */; };
		BD483203295A289C00E9C4FC /* Halftime.swift in Sources */ = {isa = PBXBuildFile; fileRef = BD4831F1295A289B00E9C4FC /* Halftime.swift */; };
		BD483204295A289C00E9C4FC /* Json4Swift_Base.swift in Sources */ = {isa = PBXBuildFile; fileRef = BD4831F2295A289B00E9C4FC /* Json4Swift_Base.swift */; };
		BD483205295A289C00E9C4FC /* Away.swift in Sources */ = {isa = PBXBuildFile; fileRef = BD4831F3295A289C00E9C4FC /* Away.swift */; };
		BD483206295A289C00E9C4FC /* Goals.swift in Sources */ = {isa = PBXBuildFile; fileRef = BD4831F4295A289C00E9C4FC /* Goals.swift */; };
		BD483207295A289C00E9C4FC /* Parameters.swift in Sources */ = {isa = PBXBuildFile; fileRef = BD4831F5295A289C00E9C4FC /* Parameters.swift */; };
		BD483208295A289C00E9C4FC /* Response.swift in Sources */ = {isa = PBXBuildFile; fileRef = BD4831F6295A289C00E9C4FC /* Response.swift */; };
		BD483209295A289C00E9C4FC /* Extratime.swift in Sources */ = {isa = PBXBuildFile; fileRef = BD4831F7295A289C00E9C4FC /* Extratime.swift */; };
		BD48320A295A289C00E9C4FC /* Home.swift in Sources */ = {isa = PBXBuildFile; fileRef = BD4831F8295A289C00E9C4FC /* Home.swift */; };
		BD48320B295A289C00E9C4FC /* Penalty.swift in Sources */ = {isa = PBXBuildFile; fileRef = BD4831F9295A289C00E9C4FC /* Penalty.swift */; };
		BD48320C295A289C00E9C4FC /* Paging.swift in Sources */ = {isa = PBXBuildFile; fileRef = BD4831FA295A289C00E9C4FC /* Paging.swift */; };
		BD48320D295A289C00E9C4FC /* Status.swift in Sources */ = {isa = PBXBuildFile; fileRef = BD4831FB295A289C00E9C4FC /* Status.swift */; };
		BD48320E295A289C00E9C4FC /* Teams.swift in Sources */ = {isa = PBXBuildFile; fileRef = BD4831FC295A289C00E9C4FC /* Teams.swift */; };
		BD48320F295A289C00E9C4FC /* Fixture.swift in Sources */ = {isa = PBXBuildFile; fileRef = BD4831FD295A289C00E9C4FC /* Fixture.swift */; };
		BD483210295A289C00E9C4FC /* Venue.swift in Sources */ = {isa = PBXBuildFile; fileRef = BD4831FE295A289C00E9C4FC /* Venue.swift */; };
		BD6B2A0E2955FE750007F084 /* PreloaderViewController.swift in Sources */ = {isa = PBXBuildFile; fileRef = BD6B2A0D2955FE750007F084 /* PreloaderViewController.swift */; };
		BD928BD629524D3500600A1C /* InfoCustomView.swift in Sources */ = {isa = PBXBuildFile; fileRef = BD928BD529524D3500600A1C /* InfoCustomView.swift */; };
		BD928BD929524D5500600A1C /* InfoCustomView.xib in Resources */ = {isa = PBXBuildFile; fileRef = BD928BD829524D5500600A1C /* InfoCustomView.xib */; };
		BD928BE02953A7B700600A1C /* MainViewController.swift in Sources */ = {isa = PBXBuildFile; fileRef = BD928BDF2953A7B700600A1C /* MainViewController.swift */; };
		BD928BE32953C55100600A1C /* CustomMainInfoTableViewCell.swift in Sources */ = {isa = PBXBuildFile; fileRef = BD928BE12953C55100600A1C /* CustomMainInfoTableViewCell.swift */; };
		BD928BE42953C55100600A1C /* CustomMainInfoTableViewCell.xib in Resources */ = {isa = PBXBuildFile; fileRef = BD928BE22953C55100600A1C /* CustomMainInfoTableViewCell.xib */; };
		BD928BE92953C76200600A1C /* MainInfoCollectionViewCell.swift in Sources */ = {isa = PBXBuildFile; fileRef = BD928BE72953C76200600A1C /* MainInfoCollectionViewCell.swift */; };
		BD928BEA2953C76200600A1C /* MainInfoCollectionViewCell.xib in Resources */ = {isa = PBXBuildFile; fileRef = BD928BE82953C76200600A1C /* MainInfoCollectionViewCell.xib */; };
		BD928BEF295453E000600A1C /* ExapleModel.swift in Sources */ = {isa = PBXBuildFile; fileRef = BD928BEE295453E000600A1C /* ExapleModel.swift */; };
		BD928BF129546E4600600A1C /* SetingsViewController.swift in Sources */ = {isa = PBXBuildFile; fileRef = BD928BF029546E4600600A1C /* SetingsViewController.swift */; };
		BD928BF32954736600600A1C /* TermsOfServiceViewController.swift in Sources */ = {isa = PBXBuildFile; fileRef = BD928BF22954736600600A1C /* TermsOfServiceViewController.swift */; };
		BD928BF52954890F00600A1C /* SavedViewController.swift in Sources */ = {isa = PBXBuildFile; fileRef = BD928BF42954890F00600A1C /* SavedViewController.swift */; };
		BD928BF9295489D600600A1C /* SavedTableViewCell.swift in Sources */ = {isa = PBXBuildFile; fileRef = BD928BF7295489D600600A1C /* SavedTableViewCell.swift */; };
		BD928BFA295489D600600A1C /* SavedTableViewCell.xib in Resources */ = {isa = PBXBuildFile; fileRef = BD928BF8295489D600600A1C /* SavedTableViewCell.xib */; };
		BDA18F7B29521ADE00C0EAE2 /* AppDelegate.swift in Sources */ = {isa = PBXBuildFile; fileRef = BDA18F7A29521ADE00C0EAE2 /* AppDelegate.swift */; };
		BDA18F7D29521ADE00C0EAE2 /* SceneDelegate.swift in Sources */ = {isa = PBXBuildFile; fileRef = BDA18F7C29521ADE00C0EAE2 /* SceneDelegate.swift */; };
		BDA18F7F29521ADE00C0EAE2 /* DetailCellViewController.swift in Sources */ = {isa = PBXBuildFile; fileRef = BDA18F7E29521ADE00C0EAE2 /* DetailCellViewController.swift */; };
		BDA18F8229521ADE00C0EAE2 /* Main.storyboard in Resources */ = {isa = PBXBuildFile; fileRef = BDA18F8029521ADE00C0EAE2 /* Main.storyboard */; };
		BDA18F8429521AE000C0EAE2 /* Assets.xcassets in Resources */ = {isa = PBXBuildFile; fileRef = BDA18F8329521AE000C0EAE2 /* Assets.xcassets */; };
		BDA18F8729521AE000C0EAE2 /* LaunchScreen.storyboard in Resources */ = {isa = PBXBuildFile; fileRef = BDA18F8529521AE000C0EAE2 /* LaunchScreen.storyboard */; };
/* End PBXBuildFile section */

/* Begin PBXFileReference section */
		BD4831ED295A289B00E9C4FC /* Periods.swift */ = {isa = PBXFileReference; fileEncoding = 4; lastKnownFileType = sourcecode.swift; path = Periods.swift; sourceTree = "<group>"; };
		BD4831EE295A289B00E9C4FC /* Score.swift */ = {isa = PBXFileReference; fileEncoding = 4; lastKnownFileType = sourcecode.swift; path = Score.swift; sourceTree = "<group>"; };
		BD4831EF295A289B00E9C4FC /* League.swift */ = {isa = PBXFileReference; fileEncoding = 4; lastKnownFileType = sourcecode.swift; path = League.swift; sourceTree = "<group>"; };
		BD4831F0295A289B00E9C4FC /* Fulltime.swift */ = {isa = PBXFileReference; fileEncoding = 4; lastKnownFileType = sourcecode.swift; path = Fulltime.swift; sourceTree = "<group>"; };
		BD4831F1295A289B00E9C4FC /* Halftime.swift */ = {isa = PBXFileReference; fileEncoding = 4; lastKnownFileType = sourcecode.swift; path = Halftime.swift; sourceTree = "<group>"; };
		BD4831F2295A289B00E9C4FC /* Json4Swift_Base.swift */ = {isa = PBXFileReference; fileEncoding = 4; lastKnownFileType = sourcecode.swift; path = Json4Swift_Base.swift; sourceTree = "<group>"; };
		BD4831F3295A289C00E9C4FC /* Away.swift */ = {isa = PBXFileReference; fileEncoding = 4; lastKnownFileType = sourcecode.swift; path = Away.swift; sourceTree = "<group>"; };
		BD4831F4295A289C00E9C4FC /* Goals.swift */ = {isa = PBXFileReference; fileEncoding = 4; lastKnownFileType = sourcecode.swift; path = Goals.swift; sourceTree = "<group>"; };
		BD4831F5295A289C00E9C4FC /* Parameters.swift */ = {isa = PBXFileReference; fileEncoding = 4; lastKnownFileType = sourcecode.swift; path = Parameters.swift; sourceTree = "<group>"; };
		BD4831F6295A289C00E9C4FC /* Response.swift */ = {isa = PBXFileReference; fileEncoding = 4; lastKnownFileType = sourcecode.swift; path = Response.swift; sourceTree = "<group>"; };
		BD4831F7295A289C00E9C4FC /* Extratime.swift */ = {isa = PBXFileReference; fileEncoding = 4; lastKnownFileType = sourcecode.swift; path = Extratime.swift; sourceTree = "<group>"; };
		BD4831F8295A289C00E9C4FC /* Home.swift */ = {isa = PBXFileReference; fileEncoding = 4; lastKnownFileType = sourcecode.swift; path = Home.swift; sourceTree = "<group>"; };
		BD4831F9295A289C00E9C4FC /* Penalty.swift */ = {isa = PBXFileReference; fileEncoding = 4; lastKnownFileType = sourcecode.swift; path = Penalty.swift; sourceTree = "<group>"; };
		BD4831FA295A289C00E9C4FC /* Paging.swift */ = {isa = PBXFileReference; fileEncoding = 4; lastKnownFileType = sourcecode.swift; path = Paging.swift; sourceTree = "<group>"; };
		BD4831FB295A289C00E9C4FC /* Status.swift */ = {isa = PBXFileReference; fileEncoding = 4; lastKnownFileType = sourcecode.swift; path = Status.swift; sourceTree = "<group>"; };
		BD4831FC295A289C00E9C4FC /* Teams.swift */ = {isa = PBXFileReference; fileEncoding = 4; lastKnownFileType = sourcecode.swift; path = Teams.swift; sourceTree = "<group>"; };
		BD4831FD295A289C00E9C4FC /* Fixture.swift */ = {isa = PBXFileReference; fileEncoding = 4; lastKnownFileType = sourcecode.swift; path = Fixture.swift; sourceTree = "<group>"; };
		BD4831FE295A289C00E9C4FC /* Venue.swift */ = {isa = PBXFileReference; fileEncoding = 4; lastKnownFileType = sourcecode.swift; path = Venue.swift; sourceTree = "<group>"; };
		BD6B2A0D2955FE750007F084 /* PreloaderViewController.swift */ = {isa = PBXFileReference; lastKnownFileType = sourcecode.swift; path = PreloaderViewController.swift; sourceTree = "<group>"; };
		BD928BD529524D3500600A1C /* InfoCustomView.swift */ = {isa = PBXFileReference; lastKnownFileType = sourcecode.swift; path = InfoCustomView.swift; sourceTree = "<group>"; };
		BD928BD829524D5500600A1C /* InfoCustomView.xib */ = {isa = PBXFileReference; lastKnownFileType = file.xib; path = InfoCustomView.xib; sourceTree = "<group>"; };
		BD928BDF2953A7B700600A1C /* MainViewController.swift */ = {isa = PBXFileReference; lastKnownFileType = sourcecode.swift; path = MainViewController.swift; sourceTree = "<group>"; };
		BD928BE12953C55100600A1C /* CustomMainInfoTableViewCell.swift */ = {isa = PBXFileReference; lastKnownFileType = sourcecode.swift; path = CustomMainInfoTableViewCell.swift; sourceTree = "<group>"; };
		BD928BE22953C55100600A1C /* CustomMainInfoTableViewCell.xib */ = {isa = PBXFileReference; lastKnownFileType = file.xib; path = CustomMainInfoTableViewCell.xib; sourceTree = "<group>"; };
		BD928BE72953C76200600A1C /* MainInfoCollectionViewCell.swift */ = {isa = PBXFileReference; lastKnownFileType = sourcecode.swift; path = MainInfoCollectionViewCell.swift; sourceTree = "<group>"; };
		BD928BE82953C76200600A1C /* MainInfoCollectionViewCell.xib */ = {isa = PBXFileReference; lastKnownFileType = file.xib; path = MainInfoCollectionViewCell.xib; sourceTree = "<group>"; };
		BD928BEE295453E000600A1C /* ExapleModel.swift */ = {isa = PBXFileReference; lastKnownFileType = sourcecode.swift; path = ExapleModel.swift; sourceTree = "<group>"; };
		BD928BF029546E4600600A1C /* SetingsViewController.swift */ = {isa = PBXFileReference; lastKnownFileType = sourcecode.swift; path = SetingsViewController.swift; sourceTree = "<group>"; };
		BD928BF22954736600600A1C /* TermsOfServiceViewController.swift */ = {isa = PBXFileReference; lastKnownFileType = sourcecode.swift; path = TermsOfServiceViewController.swift; sourceTree = "<group>"; };
		BD928BF42954890F00600A1C /* SavedViewController.swift */ = {isa = PBXFileReference; lastKnownFileType = sourcecode.swift; path = SavedViewController.swift; sourceTree = "<group>"; };
		BD928BF7295489D600600A1C /* SavedTableViewCell.swift */ = {isa = PBXFileReference; lastKnownFileType = sourcecode.swift; path = SavedTableViewCell.swift; sourceTree = "<group>"; };
		BD928BF8295489D600600A1C /* SavedTableViewCell.xib */ = {isa = PBXFileReference; lastKnownFileType = file.xib; path = SavedTableViewCell.xib; sourceTree = "<group>"; };
		BDA18F7729521ADE00C0EAE2 /* PowerPlay.app */ = {isa = PBXFileReference; explicitFileType = wrapper.application; includeInIndex = 0; path = PowerPlay.app; sourceTree = BUILT_PRODUCTS_DIR; };
		BDA18F7A29521ADE00C0EAE2 /* AppDelegate.swift */ = {isa = PBXFileReference; lastKnownFileType = sourcecode.swift; path = AppDelegate.swift; sourceTree = "<group>"; };
		BDA18F7C29521ADE00C0EAE2 /* SceneDelegate.swift */ = {isa = PBXFileReference; lastKnownFileType = sourcecode.swift; path = SceneDelegate.swift; sourceTree = "<group>"; };
		BDA18F7E29521ADE00C0EAE2 /* DetailCellViewController.swift */ = {isa = PBXFileReference; lastKnownFileType = sourcecode.swift; path = DetailCellViewController.swift; sourceTree = "<group>"; };
		BDA18F8129521ADE00C0EAE2 /* Base */ = {isa = PBXFileReference; lastKnownFileType = file.storyboard; name = Base; path = Base.lproj/Main.storyboard; sourceTree = "<group>"; };
		BDA18F8329521AE000C0EAE2 /* Assets.xcassets */ = {isa = PBXFileReference; lastKnownFileType = folder.assetcatalog; path = Assets.xcassets; sourceTree = "<group>"; };
		BDA18F8629521AE000C0EAE2 /* Base */ = {isa = PBXFileReference; lastKnownFileType = file.storyboard; name = Base; path = Base.lproj/LaunchScreen.storyboard; sourceTree = "<group>"; };
		BDA18F8829521AE000C0EAE2 /* Info.plist */ = {isa = PBXFileReference; lastKnownFileType = text.plist.xml; path = Info.plist; sourceTree = "<group>"; };
/* End PBXFileReference section */

/* Begin PBXFrameworksBuildPhase section */
		BDA18F7429521ADE00C0EAE2 /* Frameworks */ = {
			isa = PBXFrameworksBuildPhase;
			buildActionMask = 2147483647;
			files = (
			);
			runOnlyForDeploymentPostprocessing = 0;
		};
/* End PBXFrameworksBuildPhase section */

/* Begin PBXGroup section */
		BD4831EC295A287C00E9C4FC /* APIModels */ = {
			isa = PBXGroup;
			children = (
				BD4831F3295A289C00E9C4FC /* Away.swift */,
				BD4831F7295A289C00E9C4FC /* Extratime.swift */,
				BD4831FD295A289C00E9C4FC /* Fixture.swift */,
				BD4831F0295A289B00E9C4FC /* Fulltime.swift */,
				BD4831F4295A289C00E9C4FC /* Goals.swift */,
				BD4831F1295A289B00E9C4FC /* Halftime.swift */,
				BD4831F8295A289C00E9C4FC /* Home.swift */,
				BD4831F2295A289B00E9C4FC /* Json4Swift_Base.swift */,
				BD4831EF295A289B00E9C4FC /* League.swift */,
				BD4831FA295A289C00E9C4FC /* Paging.swift */,
				BD4831F5295A289C00E9C4FC /* Parameters.swift */,
				BD4831F9295A289C00E9C4FC /* Penalty.swift */,
				BD4831ED295A289B00E9C4FC /* Periods.swift */,
				BD4831F6295A289C00E9C4FC /* Response.swift */,
				BD4831EE295A289B00E9C4FC /* Score.swift */,
				BD4831FB295A289C00E9C4FC /* Status.swift */,
				BD4831FC295A289C00E9C4FC /* Teams.swift */,
				BD4831FE295A289C00E9C4FC /* Venue.swift */,
			);
			path = APIModels;
			sourceTree = "<group>";
		};
		BD928BD729524D3B00600A1C /* CustomView */ = {
			isa = PBXGroup;
			children = (
				BD928BD529524D3500600A1C /* InfoCustomView.swift */,
				BD928BD829524D5500600A1C /* InfoCustomView.xib */,
			);
			path = CustomView;
			sourceTree = "<group>";
		};
		BD928BDA29526B3400600A1C /* Controllers */ = {
			isa = PBXGroup;
			children = (
				BDA18F7E29521ADE00C0EAE2 /* DetailCellViewController.swift */,
				BD928BDF2953A7B700600A1C /* MainViewController.swift */,
				BD928BF029546E4600600A1C /* SetingsViewController.swift */,
				BD928BF22954736600600A1C /* TermsOfServiceViewController.swift */,
				BD928BF42954890F00600A1C /* SavedViewController.swift */,
				BD6B2A0D2955FE750007F084 /* PreloaderViewController.swift */,
			);
			path = Controllers;
			sourceTree = "<group>";
		};
		BD928BE52953C69100600A1C /* MaintableCell */ = {
			isa = PBXGroup;
			children = (
				BD928BE12953C55100600A1C /* CustomMainInfoTableViewCell.swift */,
				BD928BE22953C55100600A1C /* CustomMainInfoTableViewCell.xib */,
			);
			path = MaintableCell;
			sourceTree = "<group>";
		};
		BD928BE62953C73600600A1C /* CollectionCell */ = {
			isa = PBXGroup;
			children = (
				BD928BE72953C76200600A1C /* MainInfoCollectionViewCell.swift */,
				BD928BE82953C76200600A1C /* MainInfoCollectionViewCell.xib */,
			);
			path = CollectionCell;
			sourceTree = "<group>";
		};
		BD928BEB295452D800600A1C /* View */ = {
			isa = PBXGroup;
			children = (
				BDA18F8029521ADE00C0EAE2 /* Main.storyboard */,
				BD928BD729524D3B00600A1C /* CustomView */,
				BD928BEC295452EF00600A1C /* xibs */,
			);
			path = View;
			sourceTree = "<group>";
		};
		BD928BEC295452EF00600A1C /* xibs */ = {
			isa = PBXGroup;
			children = (
				BD928BF62954899C00600A1C /* SavedTableViewCell */,
				BD928BE62953C73600600A1C /* CollectionCell */,
				BD928BE52953C69100600A1C /* MaintableCell */,
			);
			path = xibs;
			sourceTree = "<group>";
		};
		BD928BED2954538500600A1C /* Models */ = {
			isa = PBXGroup;
			children = (
				BD4831EC295A287C00E9C4FC /* APIModels */,
				BD928BEE295453E000600A1C /* ExapleModel.swift */,
			);
			path = Models;
			sourceTree = "<group>";
		};
		BD928BF62954899C00600A1C /* SavedTableViewCell */ = {
			isa = PBXGroup;
			children = (
				BD928BF7295489D600600A1C /* SavedTableViewCell.swift */,
				BD928BF8295489D600600A1C /* SavedTableViewCell.xib */,
			);
			path = SavedTableViewCell;
			sourceTree = "<group>";
		};
		BDA18F6E29521ADE00C0EAE2 = {
			isa = PBXGroup;
			children = (
				BDA18F7929521ADE00C0EAE2 /* PowerPlay */,
				BDA18F7829521ADE00C0EAE2 /* Products */,
			);
			sourceTree = "<group>";
		};
		BDA18F7829521ADE00C0EAE2 /* Products */ = {
			isa = PBXGroup;
			children = (
				BDA18F7729521ADE00C0EAE2 /* PowerPlay.app */,
			);
			name = Products;
			sourceTree = "<group>";
		};
		BDA18F7929521ADE00C0EAE2 /* PowerPlay */ = {
			isa = PBXGroup;
			children = (
				BD928BED2954538500600A1C /* Models */,
				BD928BDA29526B3400600A1C /* Controllers */,
				BD928BEB295452D800600A1C /* View */,
				BDA18F7C29521ADE00C0EAE2 /* SceneDelegate.swift */,
				BDA18F7A29521ADE00C0EAE2 /* AppDelegate.swift */,
				BDA18F8529521AE000C0EAE2 /* LaunchScreen.storyboard */,
				BDA18F8329521AE000C0EAE2 /* Assets.xcassets */,
				BDA18F8829521AE000C0EAE2 /* Info.plist */,
			);
			path = PowerPlay;
			sourceTree = "<group>";
		};
/* End PBXGroup section */

/* Begin PBXNativeTarget section */
		BDA18F7629521ADE00C0EAE2 /* PowerPlay */ = {
			isa = PBXNativeTarget;
			buildConfigurationList = BDA18F8B29521AE000C0EAE2 /* Build configuration list for PBXNativeTarget "PowerPlay" */;
			buildPhases = (
				BDA18F7329521ADE00C0EAE2 /* Sources */,
				BDA18F7429521ADE00C0EAE2 /* Frameworks */,
				BDA18F7529521ADE00C0EAE2 /* Resources */,
			);
			buildRules = (
			);
			dependencies = (
			);
			name = PowerPlay;
			productName = PowerPlay;
			productReference = BDA18F7729521ADE00C0EAE2 /* PowerPlay.app */;
			productType = "com.apple.product-type.application";
		};
/* End PBXNativeTarget section */

/* Begin PBXProject section */
		BDA18F6F29521ADE00C0EAE2 /* Project object */ = {
			isa = PBXProject;
			attributes = {
				BuildIndependentTargetsInParallel = 1;
				LastSwiftUpdateCheck = 1400;
				LastUpgradeCheck = 1400;
				TargetAttributes = {
					BDA18F7629521ADE00C0EAE2 = {
						CreatedOnToolsVersion = 14.0.1;
					};
				};
			};
			buildConfigurationList = BDA18F7229521ADE00C0EAE2 /* Build configuration list for PBXProject "PowerPlay" */;
			compatibilityVersion = "Xcode 14.0";
			developmentRegion = en;
			hasScannedForEncodings = 0;
			knownRegions = (
				en,
				Base,
			);
			mainGroup = BDA18F6E29521ADE00C0EAE2;
			productRefGroup = BDA18F7829521ADE00C0EAE2 /* Products */;
			projectDirPath = "";
			projectRoot = "";
			targets = (
				BDA18F7629521ADE00C0EAE2 /* PowerPlay */,
			);
		};
/* End PBXProject section */

/* Begin PBXResourcesBuildPhase section */
		BDA18F7529521ADE00C0EAE2 /* Resources */ = {
			isa = PBXResourcesBuildPhase;
			buildActionMask = 2147483647;
			files = (
				BDA18F8729521AE000C0EAE2 /* LaunchScreen.storyboard in Resources */,
				BD928BD929524D5500600A1C /* InfoCustomView.xib in Resources */,
				BDA18F8429521AE000C0EAE2 /* Assets.xcassets in Resources */,
				BDA18F8229521ADE00C0EAE2 /* Main.storyboard in Resources */,
				BD928BEA2953C76200600A1C /* MainInfoCollectionViewCell.xib in Resources */,
				BD928BE42953C55100600A1C /* CustomMainInfoTableViewCell.xib in Resources */,
				BD928BFA295489D600600A1C /* SavedTableViewCell.xib in Resources */,
			);
			runOnlyForDeploymentPostprocessing = 0;
		};
/* End PBXResourcesBuildPhase section */

/* Begin PBXSourcesBuildPhase section */
		BDA18F7329521ADE00C0EAE2 /* Sources */ = {
			isa = PBXSourcesBuildPhase;
			buildActionMask = 2147483647;
			files = (
				BD6B2A0E2955FE750007F084 /* PreloaderViewController.swift in Sources */,
				BDA18F7F29521ADE00C0EAE2 /* DetailCellViewController.swift in Sources */,
				BD4831FF295A289C00E9C4FC /* Periods.swift in Sources */,
				BD483205295A289C00E9C4FC /* Away.swift in Sources */,
				BD928BD629524D3500600A1C /* InfoCustomView.swift in Sources */,
				BD483209295A289C00E9C4FC /* Extratime.swift in Sources */,
				BD483200295A289C00E9C4FC /* Score.swift in Sources */,
				BD48320B295A289C00E9C4FC /* Penalty.swift in Sources */,
				BD483203295A289C00E9C4FC /* Halftime.swift in Sources */,
				BD48320C295A289C00E9C4FC /* Paging.swift in Sources */,
				BD928BE02953A7B700600A1C /* MainViewController.swift in Sources */,
				BDA18F7B29521ADE00C0EAE2 /* AppDelegate.swift in Sources */,
				BDA18F7D29521ADE00C0EAE2 /* SceneDelegate.swift in Sources */,
				BD928BF9295489D600600A1C /* SavedTableViewCell.swift in Sources */,
				BD928BE92953C76200600A1C /* MainInfoCollectionViewCell.swift in Sources */,
				BD483201295A289C00E9C4FC /* League.swift in Sources */,
				BD483202295A289C00E9C4FC /* Fulltime.swift in Sources */,
				BD483210295A289C00E9C4FC /* Venue.swift in Sources */,
				BD48320F295A289C00E9C4FC /* Fixture.swift in Sources */,
				BD483206295A289C00E9C4FC /* Goals.swift in Sources */,
				BD48320E295A289C00E9C4FC /* Teams.swift in Sources */,
				BD928BE32953C55100600A1C /* CustomMainInfoTableViewCell.swift in Sources */,
				BD928BEF295453E000600A1C /* ExapleModel.swift in Sources */,
				BD928BF52954890F00600A1C /* SavedViewController.swift in Sources */,
				BD928BF129546E4600600A1C /* SetingsViewController.swift in Sources */,
				BD483204295A289C00E9C4FC /* Json4Swift_Base.swift in Sources */,
				BD48320D295A289C00E9C4FC /* Status.swift in Sources */,
				BD483208295A289C00E9C4FC /* Response.swift in Sources */,
				BD48320A295A289C00E9C4FC /* Home.swift in Sources */,
				BD928BF32954736600600A1C /* TermsOfServiceViewController.swift in Sources */,
				BD483207295A289C00E9C4FC /* Parameters.swift in Sources */,
			);
			runOnlyForDeploymentPostprocessing = 0;
		};
/* End PBXSourcesBuildPhase section */

/* Begin PBXVariantGroup section */
		BDA18F8029521ADE00C0EAE2 /* Main.storyboard */ = {
			isa = PBXVariantGroup;
			children = (
				BDA18F8129521ADE00C0EAE2 /* Base */,
			);
			name = Main.storyboard;
			sourceTree = "<group>";
		};
		BDA18F8529521AE000C0EAE2 /* LaunchScreen.storyboard */ = {
			isa = PBXVariantGroup;
			children = (
				BDA18F8629521AE000C0EAE2 /* Base */,
			);
			name = LaunchScreen.storyboard;
			sourceTree = "<group>";
		};
/* End PBXVariantGroup section */

/* Begin XCBuildConfiguration section */
		BDA18F8929521AE000C0EAE2 /* Debug */ = {
			isa = XCBuildConfiguration;
			buildSettings = {
				ALWAYS_SEARCH_USER_PATHS = NO;
				CLANG_ANALYZER_NONNULL = YES;
				CLANG_ANALYZER_NUMBER_OBJECT_CONVERSION = YES_AGGRESSIVE;
				CLANG_CXX_LANGUAGE_STANDARD = "gnu++20";
				CLANG_ENABLE_MODULES = YES;
				CLANG_ENABLE_OBJC_ARC = YES;
				CLANG_ENABLE_OBJC_WEAK = YES;
				CLANG_WARN_BLOCK_CAPTURE_AUTORELEASING = YES;
				CLANG_WARN_BOOL_CONVERSION = YES;
				CLANG_WARN_COMMA = YES;
				CLANG_WARN_CONSTANT_CONVERSION = YES;
				CLANG_WARN_DEPRECATED_OBJC_IMPLEMENTATIONS = YES;
				CLANG_WARN_DIRECT_OBJC_ISA_USAGE = YES_ERROR;
				CLANG_WARN_DOCUMENTATION_COMMENTS = YES;
				CLANG_WARN_EMPTY_BODY = YES;
				CLANG_WARN_ENUM_CONVERSION = YES;
				CLANG_WARN_INFINITE_RECURSION = YES;
				CLANG_WARN_INT_CONVERSION = YES;
				CLANG_WARN_NON_LITERAL_NULL_CONVERSION = YES;
				CLANG_WARN_OBJC_IMPLICIT_RETAIN_SELF = YES;
				CLANG_WARN_OBJC_LITERAL_CONVERSION = YES;
				CLANG_WARN_OBJC_ROOT_CLASS = YES_ERROR;
				CLANG_WARN_QUOTED_INCLUDE_IN_FRAMEWORK_HEADER = YES;
				CLANG_WARN_RANGE_LOOP_ANALYSIS = YES;
				CLANG_WARN_STRICT_PROTOTYPES = YES;
				CLANG_WARN_SUSPICIOUS_MOVE = YES;
				CLANG_WARN_UNGUARDED_AVAILABILITY = YES_AGGRESSIVE;
				CLANG_WARN_UNREACHABLE_CODE = YES;
				CLANG_WARN__DUPLICATE_METHOD_MATCH = YES;
				COPY_PHASE_STRIP = NO;
				DEBUG_INFORMATION_FORMAT = dwarf;
				ENABLE_STRICT_OBJC_MSGSEND = YES;
				ENABLE_TESTABILITY = YES;
				GCC_C_LANGUAGE_STANDARD = gnu11;
				GCC_DYNAMIC_NO_PIC = NO;
				GCC_NO_COMMON_BLOCKS = YES;
				GCC_OPTIMIZATION_LEVEL = 0;
				GCC_PREPROCESSOR_DEFINITIONS = (
					"DEBUG=1",
					"$(inherited)",
				);
				GCC_WARN_64_TO_32_BIT_CONVERSION = YES;
				GCC_WARN_ABOUT_RETURN_TYPE = YES_ERROR;
				GCC_WARN_UNDECLARED_SELECTOR = YES;
				GCC_WARN_UNINITIALIZED_AUTOS = YES_AGGRESSIVE;
				GCC_WARN_UNUSED_FUNCTION = YES;
				GCC_WARN_UNUSED_VARIABLE = YES;
				IPHONEOS_DEPLOYMENT_TARGET = 16.0;
				MTL_ENABLE_DEBUG_INFO = INCLUDE_SOURCE;
				MTL_FAST_MATH = YES;
				ONLY_ACTIVE_ARCH = YES;
				SDKROOT = iphoneos;
				SWIFT_ACTIVE_COMPILATION_CONDITIONS = DEBUG;
				SWIFT_OPTIMIZATION_LEVEL = "-Onone";
			};
			name = Debug;
		};
		BDA18F8A29521AE000C0EAE2 /* Release */ = {
			isa = XCBuildConfiguration;
			buildSettings = {
				ALWAYS_SEARCH_USER_PATHS = NO;
				CLANG_ANALYZER_NONNULL = YES;
				CLANG_ANALYZER_NUMBER_OBJECT_CONVERSION = YES_AGGRESSIVE;
				CLANG_CXX_LANGUAGE_STANDARD = "gnu++20";
				CLANG_ENABLE_MODULES = YES;
				CLANG_ENABLE_OBJC_ARC = YES;
				CLANG_ENABLE_OBJC_WEAK = YES;
				CLANG_WARN_BLOCK_CAPTURE_AUTORELEASING = YES;
				CLANG_WARN_BOOL_CONVERSION = YES;
				CLANG_WARN_COMMA = YES;
				CLANG_WARN_CONSTANT_CONVERSION = YES;
				CLANG_WARN_DEPRECATED_OBJC_IMPLEMENTATIONS = YES;
				CLANG_WARN_DIRECT_OBJC_ISA_USAGE = YES_ERROR;
				CLANG_WARN_DOCUMENTATION_COMMENTS = YES;
				CLANG_WARN_EMPTY_BODY = YES;
				CLANG_WARN_ENUM_CONVERSION = YES;
				CLANG_WARN_INFINITE_RECURSION = YES;
				CLANG_WARN_INT_CONVERSION = YES;
				CLANG_WARN_NON_LITERAL_NULL_CONVERSION = YES;
				CLANG_WARN_OBJC_IMPLICIT_RETAIN_SELF = YES;
				CLANG_WARN_OBJC_LITERAL_CONVERSION = YES;
				CLANG_WARN_OBJC_ROOT_CLASS = YES_ERROR;
				CLANG_WARN_QUOTED_INCLUDE_IN_FRAMEWORK_HEADER = YES;
				CLANG_WARN_RANGE_LOOP_ANALYSIS = YES;
				CLANG_WARN_STRICT_PROTOTYPES = YES;
				CLANG_WARN_SUSPICIOUS_MOVE = YES;
				CLANG_WARN_UNGUARDED_AVAILABILITY = YES_AGGRESSIVE;
				CLANG_WARN_UNREACHABLE_CODE = YES;
				CLANG_WARN__DUPLICATE_METHOD_MATCH = YES;
				COPY_PHASE_STRIP = NO;
				DEBUG_INFORMATION_FORMAT = "dwarf-with-dsym";
				ENABLE_NS_ASSERTIONS = NO;
				ENABLE_STRICT_OBJC_MSGSEND = YES;
				GCC_C_LANGUAGE_STANDARD = gnu11;
				GCC_NO_COMMON_BLOCKS = YES;
				GCC_WARN_64_TO_32_BIT_CONVERSION = YES;
				GCC_WARN_ABOUT_RETURN_TYPE = YES_ERROR;
				GCC_WARN_UNDECLARED_SELECTOR = YES;
				GCC_WARN_UNINITIALIZED_AUTOS = YES_AGGRESSIVE;
				GCC_WARN_UNUSED_FUNCTION = YES;
				GCC_WARN_UNUSED_VARIABLE = YES;
				IPHONEOS_DEPLOYMENT_TARGET = 16.0;
				MTL_ENABLE_DEBUG_INFO = NO;
				MTL_FAST_MATH = YES;
				SDKROOT = iphoneos;
				SWIFT_COMPILATION_MODE = wholemodule;
				SWIFT_OPTIMIZATION_LEVEL = "-O";
				VALIDATE_PRODUCT = YES;
			};
			name = Release;
		};
		BDA18F8C29521AE000C0EAE2 /* Debug */ = {
			isa = XCBuildConfiguration;
			buildSettings = {
				ASSETCATALOG_COMPILER_APPICON_NAME = AppIcon;
				ASSETCATALOG_COMPILER_GLOBAL_ACCENT_COLOR_NAME = AccentColor;
				CODE_SIGN_STYLE = Automatic;
				CURRENT_PROJECT_VERSION = 1;
				DEVELOPMENT_TEAM = 6R59JHT6PY;
				GENERATE_INFOPLIST_FILE = YES;
				INFOPLIST_FILE = PowerPlay/Info.plist;
				INFOPLIST_KEY_UIApplicationSupportsIndirectInputEvents = YES;
				INFOPLIST_KEY_UILaunchStoryboardName = LaunchScreen;
				INFOPLIST_KEY_UIMainStoryboardFile = Main;
				INFOPLIST_KEY_UISupportedInterfaceOrientations_iPad = "UIInterfaceOrientationPortrait UIInterfaceOrientationPortraitUpsideDown UIInterfaceOrientationLandscapeLeft UIInterfaceOrientationLandscapeRight";
				INFOPLIST_KEY_UISupportedInterfaceOrientations_iPhone = "UIInterfaceOrientationPortrait UIInterfaceOrientationLandscapeLeft UIInterfaceOrientationLandscapeRight";
				LD_RUNPATH_SEARCH_PATHS = (
					"$(inherited)",
					"@executable_path/Frameworks",
				);
				MARKETING_VERSION = 1.0;
				PRODUCT_BUNDLE_IDENTIFIER = drukstore.PowerPlay;
				PRODUCT_NAME = "$(TARGET_NAME)";
				SWIFT_EMIT_LOC_STRINGS = YES;
				SWIFT_VERSION = 5.0;
				TARGETED_DEVICE_FAMILY = "1,2";
			};
			name = Debug;
		};
		BDA18F8D29521AE000C0EAE2 /* Release */ = {
			isa = XCBuildConfiguration;
			buildSettings = {
				ASSETCATALOG_COMPILER_APPICON_NAME = AppIcon;
				ASSETCATALOG_COMPILER_GLOBAL_ACCENT_COLOR_NAME = AccentColor;
				CODE_SIGN_STYLE = Automatic;
				CURRENT_PROJECT_VERSION = 1;
				DEVELOPMENT_TEAM = 6R59JHT6PY;
				GENERATE_INFOPLIST_FILE = YES;
				INFOPLIST_FILE = PowerPlay/Info.plist;
				INFOPLIST_KEY_UIApplicationSupportsIndirectInputEvents = YES;
				INFOPLIST_KEY_UILaunchStoryboardName = LaunchScreen;
				INFOPLIST_KEY_UIMainStoryboardFile = Main;
				INFOPLIST_KEY_UISupportedInterfaceOrientations_iPad = "UIInterfaceOrientationPortrait UIInterfaceOrientationPortraitUpsideDown UIInterfaceOrientationLandscapeLeft UIInterfaceOrientationLandscapeRight";
				INFOPLIST_KEY_UISupportedInterfaceOrientations_iPhone = "UIInterfaceOrientationPortrait UIInterfaceOrientationLandscapeLeft UIInterfaceOrientationLandscapeRight";
				LD_RUNPATH_SEARCH_PATHS = (
					"$(inherited)",
					"@executable_path/Frameworks",
				);
				MARKETING_VERSION = 1.0;
				PRODUCT_BUNDLE_IDENTIFIER = drukstore.PowerPlay;
				PRODUCT_NAME = "$(TARGET_NAME)";
				SWIFT_EMIT_LOC_STRINGS = YES;
				SWIFT_VERSION = 5.0;
				TARGETED_DEVICE_FAMILY = "1,2";
			};
			name = Release;
		};
/* End XCBuildConfiguration section */

/* Begin XCConfigurationList section */
		BDA18F7229521ADE00C0EAE2 /* Build configuration list for PBXProject "PowerPlay" */ = {
			isa = XCConfigurationList;
			buildConfigurations = (
				BDA18F8929521AE000C0EAE2 /* Debug */,
				BDA18F8A29521AE000C0EAE2 /* Release */,
			);
			defaultConfigurationIsVisible = 0;
			defaultConfigurationName = Release;
		};
		BDA18F8B29521AE000C0EAE2 /* Build configuration list for PBXNativeTarget "PowerPlay" */ = {
			isa = XCConfigurationList;
			buildConfigurations = (
				BDA18F8C29521AE000C0EAE2 /* Debug */,
				BDA18F8D29521AE000C0EAE2 /* Release */,
			);
			defaultConfigurationIsVisible = 0;
			defaultConfigurationName = Release;
		};
/* End XCConfigurationList section */
	};
	rootObject = BDA18F6F29521ADE00C0EAE2 /* Project object */;
}
