// !$*UTF8*$!
{
	archiveVersion = 1;
	classes = {
	};
	objectVersion = 56;
	objects = {

/* Begin PBXBuildFile section */
		9AEFC888B12089749E5B8323 /* Pods_PowerPlay.framework in Frameworks */ = {isa = PBXBuildFile; fileRef = 79DB5BF884BCCFDC108FF3DF /* Pods_PowerPlay.framework */; };
		BD17ED30295DC1CE004EECB9 /* LiveDataRealm.swift in Sources */ = {isa = PBXBuildFile; fileRef = BD17ED2F295DC1CE004EECB9 /* LiveDataRealm.swift */; };
		BD23503129630420000C5F59 /* ModelsNetwork.swift in Sources */ = {isa = PBXBuildFile; fileRef = BD23501F29630420000C5F59 /* ModelsNetwork.swift */; };
		BD23504329635CA8000C5F59 /* StandingBase.swift in Sources */ = {isa = PBXBuildFile; fileRef = BD23503829635CA7000C5F59 /* StandingBase.swift */; };
		BD23504C296365A3000C5F59 /* StandingsViewController.swift in Sources */ = {isa = PBXBuildFile; fileRef = BD23504B296365A3000C5F59 /* StandingsViewController.swift */; };
		BD23505029636766000C5F59 /* StandingsTableViewCell.swift in Sources */ = {isa = PBXBuildFile; fileRef = BD23504E29636766000C5F59 /* StandingsTableViewCell.swift */; };
		BD23505129636766000C5F59 /* StandingsTableViewCell.xib in Resources */ = {isa = PBXBuildFile; fileRef = BD23504F29636766000C5F59 /* StandingsTableViewCell.xib */; };
		BD235055296381C9000C5F59 /* Parameters.swift in Sources */ = {isa = PBXBuildFile; fileRef = BD235054296381C8000C5F59 /* Parameters.swift */; };
		BD264A7629639109008FE5B5 /* Network.swift in Sources */ = {isa = PBXBuildFile; fileRef = BD264A7529639109008FE5B5 /* Network.swift */; };
		BD610054295B294600A31DF4 /* Podfile in Resources */ = {isa = PBXBuildFile; fileRef = BD610053295B294600A31DF4 /* Podfile */; };
		BD6B2A0E2955FE750007F084 /* PreloaderViewController.swift in Sources */ = {isa = PBXBuildFile; fileRef = BD6B2A0D2955FE750007F084 /* PreloaderViewController.swift */; };
		BD7336D0295DA35100369C1F /* ChangeDateFormat.swift in Sources */ = {isa = PBXBuildFile; fileRef = BD7336CF295DA35100369C1F /* ChangeDateFormat.swift */; };
		BD88BDAE295E3E1300DEDB0F /* SecondCollectionViewCell.swift in Sources */ = {isa = PBXBuildFile; fileRef = BD88BDAD295E3E1300DEDB0F /* SecondCollectionViewCell.swift */; };
		BD928BE02953A7B700600A1C /* MainViewController.swift in Sources */ = {isa = PBXBuildFile; fileRef = BD928BDF2953A7B700600A1C /* MainViewController.swift */; };
		BD928BE92953C76200600A1C /* MainInfoCollectionViewCell.swift in Sources */ = {isa = PBXBuildFile; fileRef = BD928BE72953C76200600A1C /* MainInfoCollectionViewCell.swift */; };
		BD928BF129546E4600600A1C /* SetingsViewController.swift in Sources */ = {isa = PBXBuildFile; fileRef = BD928BF029546E4600600A1C /* SetingsViewController.swift */; };
		BD928BF32954736600600A1C /* TermsOfServiceViewController.swift in Sources */ = {isa = PBXBuildFile; fileRef = BD928BF22954736600600A1C /* TermsOfServiceViewController.swift */; };
		BD928BF52954890F00600A1C /* SavedViewController.swift in Sources */ = {isa = PBXBuildFile; fileRef = BD928BF42954890F00600A1C /* SavedViewController.swift */; };
		BD928BF9295489D600600A1C /* SavedTableViewCell.swift in Sources */ = {isa = PBXBuildFile; fileRef = BD928BF7295489D600600A1C /* SavedTableViewCell.swift */; };
		BD928BFA295489D600600A1C /* SavedTableViewCell.xib in Resources */ = {isa = PBXBuildFile; fileRef = BD928BF8295489D600600A1C /* SavedTableViewCell.xib */; };
		BDA18F7B29521ADE00C0EAE2 /* AppDelegate.swift in Sources */ = {isa = PBXBuildFile; fileRef = BDA18F7A29521ADE00C0EAE2 /* AppDelegate.swift */; };
		BDA18F7D29521ADE00C0EAE2 /* SceneDelegate.swift in Sources */ = {isa = PBXBuildFile; fileRef = BDA18F7C29521ADE00C0EAE2 /* SceneDelegate.swift */; };
		BDA18F7F29521ADE00C0EAE2 /* DetailCellViewController.swift in Sources */ = {isa = PBXBuildFile; fileRef = BDA18F7E29521ADE00C0EAE2 /* DetailCellViewController.swift */; };
		BDA18F8229521ADE00C0EAE2 /* Main.storyboard in Resources */ = {isa = PBXBuildFile; fileRef = BDA18F8029521ADE00C0EAE2 /* Main.storyboard */; };
		BDA18F8429521AE000C0EAE2 /* Assets.xcassets in Resources */ = {isa = PBXBuildFile; fileRef = BDA18F8329521AE000C0EAE2 /* Assets.xcassets */; };
		BDA18F8729521AE000C0EAE2 /* LaunchScreen.storyboard in Resources */ = {isa = PBXBuildFile; fileRef = BDA18F8529521AE000C0EAE2 /* LaunchScreen.storyboard */; };
/* End PBXBuildFile section */

/* Begin PBXFileReference section */
		0532D30F75C2F3808ACE03BE /* Pods-PowerPlay.release.xcconfig */ = {isa = PBXFileReference; includeInIndex = 1; lastKnownFileType = text.xcconfig; name = "Pods-PowerPlay.release.xcconfig"; path = "Target Support Files/Pods-PowerPlay/Pods-PowerPlay.release.xcconfig"; sourceTree = "<group>"; };
		581147F4E2B552B5C1747763 /* Pods-PowerPlay.debug.xcconfig */ = {isa = PBXFileReference; includeInIndex = 1; lastKnownFileType = text.xcconfig; name = "Pods-PowerPlay.debug.xcconfig"; path = "Target Support Files/Pods-PowerPlay/Pods-PowerPlay.debug.xcconfig"; sourceTree = "<group>"; };
		79DB5BF884BCCFDC108FF3DF /* Pods_PowerPlay.framework */ = {isa = PBXFileReference; explicitFileType = wrapper.framework; includeInIndex = 0; path = Pods_PowerPlay.framework; sourceTree = BUILT_PRODUCTS_DIR; };
		BD17ED2F295DC1CE004EECB9 /* LiveDataRealm.swift */ = {isa = PBXFileReference; lastKnownFileType = sourcecode.swift; path = LiveDataRealm.swift; sourceTree = "<group>"; };
		BD23501F29630420000C5F59 /* ModelsNetwork.swift */ = {isa = PBXFileReference; fileEncoding = 4; lastKnownFileType = sourcecode.swift; path = ModelsNetwork.swift; sourceTree = "<group>"; };
		BD23503829635CA7000C5F59 /* StandingBase.swift */ = {isa = PBXFileReference; fileEncoding = 4; lastKnownFileType = sourcecode.swift; path = StandingBase.swift; sourceTree = "<group>"; };
		BD23504B296365A3000C5F59 /* StandingsViewController.swift */ = {isa = PBXFileReference; lastKnownFileType = sourcecode.swift; path = StandingsViewController.swift; sourceTree = "<group>"; };
		BD23504E29636766000C5F59 /* StandingsTableViewCell.swift */ = {isa = PBXFileReference; lastKnownFileType = sourcecode.swift; path = StandingsTableViewCell.swift; sourceTree = "<group>"; };
		BD23504F29636766000C5F59 /* StandingsTableViewCell.xib */ = {isa = PBXFileReference; lastKnownFileType = file.xib; path = StandingsTableViewCell.xib; sourceTree = "<group>"; };
		BD235054296381C8000C5F59 /* Parameters.swift */ = {isa = PBXFileReference; fileEncoding = 4; lastKnownFileType = sourcecode.swift; path = Parameters.swift; sourceTree = "<group>"; };
		BD264A7529639109008FE5B5 /* Network.swift */ = {isa = PBXFileReference; lastKnownFileType = sourcecode.swift; path = Network.swift; sourceTree = "<group>"; };
		BD610053295B294600A31DF4 /* Podfile */ = {isa = PBXFileReference; fileEncoding = 4; lastKnownFileType = text; path = Podfile; sourceTree = SOURCE_ROOT; xcLanguageSpecificationIdentifier = xcode.lang.ruby; };
		BD6B2A0D2955FE750007F084 /* PreloaderViewController.swift */ = {isa = PBXFileReference; lastKnownFileType = sourcecode.swift; path = PreloaderViewController.swift; sourceTree = "<group>"; };
		BD7336CF295DA35100369C1F /* ChangeDateFormat.swift */ = {isa = PBXFileReference; lastKnownFileType = sourcecode.swift; path = ChangeDateFormat.swift; sourceTree = "<group>"; };
		BD88BDAD295E3E1300DEDB0F /* SecondCollectionViewCell.swift */ = {isa = PBXFileReference; lastKnownFileType = sourcecode.swift; path = SecondCollectionViewCell.swift; sourceTree = "<group>"; };
		BD928BDF2953A7B700600A1C /* MainViewController.swift */ = {isa = PBXFileReference; lastKnownFileType = sourcecode.swift; path = MainViewController.swift; sourceTree = "<group>"; };
		BD928BE72953C76200600A1C /* MainInfoCollectionViewCell.swift */ = {isa = PBXFileReference; lastKnownFileType = sourcecode.swift; path = MainInfoCollectionViewCell.swift; sourceTree = "<group>"; };
		BD928BF029546E4600600A1C /* SetingsViewController.swift */ = {isa = PBXFileReference; lastKnownFileType = sourcecode.swift; path = SetingsViewController.swift; sourceTree = "<group>"; };
		BD928BF22954736600600A1C /* TermsOfServiceViewController.swift */ = {isa = PBXFileReference; lastKnownFileType = sourcecode.swift; path = TermsOfServiceViewController.swift; sourceTree = "<group>"; };
		BD928BF42954890F00600A1C /* SavedViewController.swift */ = {isa = PBXFileReference; lastKnownFileType = sourcecode.swift; path = SavedViewController.swift; sourceTree = "<group>"; };
		BD928BF7295489D600600A1C /* SavedTableViewCell.swift */ = {isa = PBXFileReference; lastKnownFileType = sourcecode.swift; path = SavedTableViewCell.swift; sourceTree = "<group>"; };
		BD928BF8295489D600600A1C /* SavedTableViewCell.xib */ = {isa = PBXFileReference; lastKnownFileType = file.xib; path = SavedTableViewCell.xib; sourceTree = "<group>"; };
		BDA18F7729521ADE00C0EAE2 /* PowerPlay.app */ = {isa = PBXFileReference; explicitFileType = wrapper.application; includeInIndex = 0; path = PowerPlay.app; sourceTree = BUILT_PRODUCTS_DIR; };
		BDA18F7A29521ADE00C0EAE2 /* AppDelegate.swift */ = {isa = PBXFileReference; lastKnownFileType = sourcecode.swift; path = AppDelegate.swift; sourceTree = "<group>"; };
		BDA18F7C29521ADE00C0EAE2 /* SceneDelegate.swift */ = {isa = PBXFileReference; lastKnownFileType = sourcecode.swift; path = SceneDelegate.swift; sourceTree = "<group>"; };
		BDA18F7E29521ADE00C0EAE2 /* DetailCellViewController.swift */ = {isa = PBXFileReference; lastKnownFileType = sourcecode.swift; path = DetailCellViewController.swift; sourceTree = "<group>"; };
		BDA18F8129521ADE00C0EAE2 /* Base */ = {isa = PBXFileReference; lastKnownFileType = file.storyboard; name = Base; path = Base.lproj/Main.storyboard; sourceTree = "<group>"; };
		BDA18F8329521AE000C0EAE2 /* Assets.xcassets */ = {isa = PBXFileReference; lastKnownFileType = folder.assetcatalog; path = Assets.xcassets; sourceTree = "<group>"; };
		BDA18F8629521AE000C0EAE2 /* Base */ = {isa = PBXFileReference; lastKnownFileType = file.storyboard; name = Base; path = Base.lproj/LaunchScreen.storyboard; sourceTree = "<group>"; };
		BDA18F8829521AE000C0EAE2 /* Info.plist */ = {isa = PBXFileReference; lastKnownFileType = text.plist.xml; path = Info.plist; sourceTree = "<group>"; };
/* End PBXFileReference section */

/* Begin PBXFrameworksBuildPhase section */
		BDA18F7429521ADE00C0EAE2 /* Frameworks */ = {
			isa = PBXFrameworksBuildPhase;
			buildActionMask = 2147483647;
			files = (
				9AEFC888B12089749E5B8323 /* Pods_PowerPlay.framework in Frameworks */,
			);
			runOnlyForDeploymentPostprocessing = 0;
		};
/* End PBXFrameworksBuildPhase section */

/* Begin PBXGroup section */
		76B5DA4E68F943C0C56F307D /* Frameworks */ = {
			isa = PBXGroup;
			children = (
				79DB5BF884BCCFDC108FF3DF /* Pods_PowerPlay.framework */,
			);
			name = Frameworks;
			sourceTree = "<group>";
		};
		BD17ED2E295DC19D004EECB9 /* RealmModels */ = {
			isa = PBXGroup;
			children = (
				BD17ED2F295DC1CE004EECB9 /* LiveDataRealm.swift */,
			);
			path = RealmModels;
			sourceTree = "<group>";
		};
		BD23504D29636728000C5F59 /* StandingsTVC */ = {
			isa = PBXGroup;
			children = (
				BD23504E29636766000C5F59 /* StandingsTableViewCell.swift */,
				BD23504F29636766000C5F59 /* StandingsTableViewCell.xib */,
			);
			path = StandingsTVC;
			sourceTree = "<group>";
		};
		BD264A74296390F4008FE5B5 /* Network */ = {
			isa = PBXGroup;
			children = (
				BD264A7529639109008FE5B5 /* Network.swift */,
			);
			path = Network;
			sourceTree = "<group>";
		};
		BD4831EC295A287C00E9C4FC /* APIModels */ = {
			isa = PBXGroup;
			children = (
				BD23501F29630420000C5F59 /* ModelsNetwork.swift */,
				BD235054296381C8000C5F59 /* Parameters.swift */,
				BD23503829635CA7000C5F59 /* StandingBase.swift */,
			);
			path = APIModels;
			sourceTree = "<group>";
		};
		BD7336CE295DA30A00369C1F /* Extensions */ = {
			isa = PBXGroup;
			children = (
				BD7336CF295DA35100369C1F /* ChangeDateFormat.swift */,
			);
			path = Extensions;
			sourceTree = "<group>";
		};
		BD928BDA29526B3400600A1C /* Controllers */ = {
			isa = PBXGroup;
			children = (
				BDA18F7E29521ADE00C0EAE2 /* DetailCellViewController.swift */,
				BD928BDF2953A7B700600A1C /* MainViewController.swift */,
				BD928BF029546E4600600A1C /* SetingsViewController.swift */,
				BD928BF22954736600600A1C /* TermsOfServiceViewController.swift */,
				BD928BF42954890F00600A1C /* SavedViewController.swift */,
				BD6B2A0D2955FE750007F084 /* PreloaderViewController.swift */,
				BD23504B296365A3000C5F59 /* StandingsViewController.swift */,
			);
			path = Controllers;
			sourceTree = "<group>";
		};
		BD928BE62953C73600600A1C /* CollectionCell */ = {
			isa = PBXGroup;
			children = (
				BD928BE72953C76200600A1C /* MainInfoCollectionViewCell.swift */,
				BD88BDAD295E3E1300DEDB0F /* SecondCollectionViewCell.swift */,
			);
			path = CollectionCell;
			sourceTree = "<group>";
		};
		BD928BEB295452D800600A1C /* View */ = {
			isa = PBXGroup;
			children = (
				BDA18F8029521ADE00C0EAE2 /* Main.storyboard */,
				BD928BEC295452EF00600A1C /* xibs */,
			);
			path = View;
			sourceTree = "<group>";
		};
		BD928BEC295452EF00600A1C /* xibs */ = {
			isa = PBXGroup;
			children = (
				BD23504D29636728000C5F59 /* StandingsTVC */,
				BD928BF62954899C00600A1C /* SavedTableViewCell */,
				BD928BE62953C73600600A1C /* CollectionCell */,
			);
			path = xibs;
			sourceTree = "<group>";
		};
		BD928BED2954538500600A1C /* Models */ = {
			isa = PBXGroup;
			children = (
				BD17ED2E295DC19D004EECB9 /* RealmModels */,
				BD4831EC295A287C00E9C4FC /* APIModels */,
			);
			path = Models;
			sourceTree = "<group>";
		};
		BD928BF62954899C00600A1C /* SavedTableViewCell */ = {
			isa = PBXGroup;
			children = (
				BD928BF7295489D600600A1C /* SavedTableViewCell.swift */,
				BD928BF8295489D600600A1C /* SavedTableViewCell.xib */,
			);
			path = SavedTableViewCell;
			sourceTree = "<group>";
		};
		BDA18F6E29521ADE00C0EAE2 = {
			isa = PBXGroup;
			children = (
				BDA18F7929521ADE00C0EAE2 /* PowerPlay */,
				BDA18F7829521ADE00C0EAE2 /* Products */,
				C729A79C9F85CDCA1B0D2690 /* Pods */,
				76B5DA4E68F943C0C56F307D /* Frameworks */,
			);
			sourceTree = "<group>";
		};
		BDA18F7829521ADE00C0EAE2 /* Products */ = {
			isa = PBXGroup;
			children = (
				BDA18F7729521ADE00C0EAE2 /* PowerPlay.app */,
			);
			name = Products;
			sourceTree = "<group>";
		};
		BDA18F7929521ADE00C0EAE2 /* PowerPlay */ = {
			isa = PBXGroup;
			children = (
				BD264A74296390F4008FE5B5 /* Network */,
				BD7336CE295DA30A00369C1F /* Extensions */,
				BD928BED2954538500600A1C /* Models */,
				BD928BDA29526B3400600A1C /* Controllers */,
				BD928BEB295452D800600A1C /* View */,
				BDA18F7C29521ADE00C0EAE2 /* SceneDelegate.swift */,
				BDA18F7A29521ADE00C0EAE2 /* AppDelegate.swift */,
				BDA18F8529521AE000C0EAE2 /* LaunchScreen.storyboard */,
				BDA18F8329521AE000C0EAE2 /* Assets.xcassets */,
				BD610053295B294600A31DF4 /* Podfile */,
				BDA18F8829521AE000C0EAE2 /* Info.plist */,
			);
			path = PowerPlay;
			sourceTree = "<group>";
		};
		C729A79C9F85CDCA1B0D2690 /* Pods */ = {
			isa = PBXGroup;
			children = (
				581147F4E2B552B5C1747763 /* Pods-PowerPlay.debug.xcconfig */,
				0532D30F75C2F3808ACE03BE /* Pods-PowerPlay.release.xcconfig */,
			);
			path = Pods;
			sourceTree = "<group>";
		};
/* End PBXGroup section */

/* Begin PBXNativeTarget section */
		BDA18F7629521ADE00C0EAE2 /* PowerPlay */ = {
			isa = PBXNativeTarget;
			buildConfigurationList = BDA18F8B29521AE000C0EAE2 /* Build configuration list for PBXNativeTarget "PowerPlay" */;
			buildPhases = (
				C1EDA4DFB8EA4FE9D18DCA1C /* [CP] Check Pods Manifest.lock */,
				BDA18F7329521ADE00C0EAE2 /* Sources */,
				BDA18F7429521ADE00C0EAE2 /* Frameworks */,
				BDA18F7529521ADE00C0EAE2 /* Resources */,
				EC66D89C1BE6449520633A1D /* [CP] Embed Pods Frameworks */,
			);
			buildRules = (
			);
			dependencies = (
			);
			name = PowerPlay;
			productName = PowerPlay;
			productReference = BDA18F7729521ADE00C0EAE2 /* PowerPlay.app */;
			productType = "com.apple.product-type.application";
		};
/* End PBXNativeTarget section */

/* Begin PBXProject section */
		BDA18F6F29521ADE00C0EAE2 /* Project object */ = {
			isa = PBXProject;
			attributes = {
				BuildIndependentTargetsInParallel = 1;
				LastSwiftUpdateCheck = 1400;
				LastUpgradeCheck = 1400;
				TargetAttributes = {
					BDA18F7629521ADE00C0EAE2 = {
						CreatedOnToolsVersion = 14.0.1;
					};
				};
			};
			buildConfigurationList = BDA18F7229521ADE00C0EAE2 /* Build configuration list for PBXProject "PowerPlay" */;
			compatibilityVersion = "Xcode 14.0";
			developmentRegion = en;
			hasScannedForEncodings = 0;
			knownRegions = (
				en,
				Base,
			);
			mainGroup = BDA18F6E29521ADE00C0EAE2;
			productRefGroup = BDA18F7829521ADE00C0EAE2 /* Products */;
			projectDirPath = "";
			projectRoot = "";
			targets = (
				BDA18F7629521ADE00C0EAE2 /* PowerPlay */,
			);
		};
/* End PBXProject section */

/* Begin PBXResourcesBuildPhase section */
		BDA18F7529521ADE00C0EAE2 /* Resources */ = {
			isa = PBXResourcesBuildPhase;
			buildActionMask = 2147483647;
			files = (
				BDA18F8729521AE000C0EAE2 /* LaunchScreen.storyboard in Resources */,
				BD610054295B294600A31DF4 /* Podfile in Resources */,
				BDA18F8429521AE000C0EAE2 /* Assets.xcassets in Resources */,
				BDA18F8229521ADE00C0EAE2 /* Main.storyboard in Resources */,
				BD928BFA295489D600600A1C /* SavedTableViewCell.xib in Resources */,
				BD23505129636766000C5F59 /* StandingsTableViewCell.xib in Resources */,
			);
			runOnlyForDeploymentPostprocessing = 0;
		};
/* End PBXResourcesBuildPhase section */

/* Begin PBXShellScriptBuildPhase section */
		C1EDA4DFB8EA4FE9D18DCA1C /* [CP] Check Pods Manifest.lock */ = {
			isa = PBXShellScriptBuildPhase;
			buildActionMask = 2147483647;
			files = (
			);
			inputFileListPaths = (
			);
			inputPaths = (
				"${PODS_PODFILE_DIR_PATH}/Podfile.lock",
				"${PODS_ROOT}/Manifest.lock",
			);
			name = "[CP] Check Pods Manifest.lock";
			outputFileListPaths = (
			);
			outputPaths = (
				"$(DERIVED_FILE_DIR)/Pods-PowerPlay-checkManifestLockResult.txt",
			);
			runOnlyForDeploymentPostprocessing = 0;
			shellPath = /bin/sh;
			shellScript = "diff \"${PODS_PODFILE_DIR_PATH}/Podfile.lock\" \"${PODS_ROOT}/Manifest.lock\" > /dev/null\nif [ $? != 0 ] ; then\n    # print error to STDERR\n    echo \"error: The sandbox is not in sync with the Podfile.lock. Run 'pod install' or update your CocoaPods installation.\" >&2\n    exit 1\nfi\n# This output is used by Xcode 'outputs' to avoid re-running this script phase.\necho \"SUCCESS\" > \"${SCRIPT_OUTPUT_FILE_0}\"\n";
			showEnvVarsInLog = 0;
		};
		EC66D89C1BE6449520633A1D /* [CP] Embed Pods Frameworks */ = {
			isa = PBXShellScriptBuildPhase;
			buildActionMask = 2147483647;
			files = (
			);
			inputFileListPaths = (
				"${PODS_ROOT}/Target Support Files/Pods-PowerPlay/Pods-PowerPlay-frameworks-${CONFIGURATION}-input-files.xcfilelist",
			);
			name = "[CP] Embed Pods Frameworks";
			outputFileListPaths = (
				"${PODS_ROOT}/Target Support Files/Pods-PowerPlay/Pods-PowerPlay-frameworks-${CONFIGURATION}-output-files.xcfilelist",
			);
			runOnlyForDeploymentPostprocessing = 0;
			shellPath = /bin/sh;
			shellScript = "\"${PODS_ROOT}/Target Support Files/Pods-PowerPlay/Pods-PowerPlay-frameworks.sh\"\n";
			showEnvVarsInLog = 0;
		};
/* End PBXShellScriptBuildPhase section */

/* Begin PBXSourcesBuildPhase section */
		BDA18F7329521ADE00C0EAE2 /* Sources */ = {
			isa = PBXSourcesBuildPhase;
			buildActionMask = 2147483647;
			files = (
				BD235055296381C9000C5F59 /* Parameters.swift in Sources */,
				BD88BDAE295E3E1300DEDB0F /* SecondCollectionViewCell.swift in Sources */,
				BD23503129630420000C5F59 /* ModelsNetwork.swift in Sources */,
				BD23504C296365A3000C5F59 /* StandingsViewController.swift in Sources */,
				BD17ED30295DC1CE004EECB9 /* LiveDataRealm.swift in Sources */,
				BD23505029636766000C5F59 /* StandingsTableViewCell.swift in Sources */,
				BD6B2A0E2955FE750007F084 /* PreloaderViewController.swift in Sources */,
				BDA18F7F29521ADE00C0EAE2 /* DetailCellViewController.swift in Sources */,
				BD928BE02953A7B700600A1C /* MainViewController.swift in Sources */,
				BDA18F7B29521ADE00C0EAE2 /* AppDelegate.swift in Sources */,
				BDA18F7D29521ADE00C0EAE2 /* SceneDelegate.swift in Sources */,
				BD928BF9295489D600600A1C /* SavedTableViewCell.swift in Sources */,
				BD264A7629639109008FE5B5 /* Network.swift in Sources */,
				BD23504329635CA8000C5F59 /* StandingBase.swift in Sources */,
				BD928BE92953C76200600A1C /* MainInfoCollectionViewCell.swift in Sources */,
				BD928BF52954890F00600A1C /* SavedViewController.swift in Sources */,
				BD928BF129546E4600600A1C /* SetingsViewController.swift in Sources */,
				BD7336D0295DA35100369C1F /* ChangeDateFormat.swift in Sources */,
				BD928BF32954736600600A1C /* TermsOfServiceViewController.swift in Sources */,
			);
			runOnlyForDeploymentPostprocessing = 0;
		};
/* End PBXSourcesBuildPhase section */

/* Begin PBXVariantGroup section */
		BDA18F8029521ADE00C0EAE2 /* Main.storyboard */ = {
			isa = PBXVariantGroup;
			children = (
				BDA18F8129521ADE00C0EAE2 /* Base */,
			);
			name = Main.storyboard;
			sourceTree = "<group>";
		};
		BDA18F8529521AE000C0EAE2 /* LaunchScreen.storyboard */ = {
			isa = PBXVariantGroup;
			children = (
				BDA18F8629521AE000C0EAE2 /* Base */,
			);
			name = LaunchScreen.storyboard;
			sourceTree = "<group>";
		};
/* End PBXVariantGroup section */

/* Begin XCBuildConfiguration section */
		BDA18F8929521AE000C0EAE2 /* Debug */ = {
			isa = XCBuildConfiguration;
			buildSettings = {
				ALWAYS_SEARCH_USER_PATHS = NO;
				CLANG_ANALYZER_NONNULL = YES;
				CLANG_ANALYZER_NUMBER_OBJECT_CONVERSION = YES_AGGRESSIVE;
				CLANG_CXX_LANGUAGE_STANDARD = "gnu++20";
				CLANG_ENABLE_MODULES = YES;
				CLANG_ENABLE_OBJC_ARC = YES;
				CLANG_ENABLE_OBJC_WEAK = YES;
				CLANG_WARN_BLOCK_CAPTURE_AUTORELEASING = YES;
				CLANG_WARN_BOOL_CONVERSION = YES;
				CLANG_WARN_COMMA = YES;
				CLANG_WARN_CONSTANT_CONVERSION = YES;
				CLANG_WARN_DEPRECATED_OBJC_IMPLEMENTATIONS = YES;
				CLANG_WARN_DIRECT_OBJC_ISA_USAGE = YES_ERROR;
				CLANG_WARN_DOCUMENTATION_COMMENTS = YES;
				CLANG_WARN_EMPTY_BODY = YES;
				CLANG_WARN_ENUM_CONVERSION = YES;
				CLANG_WARN_INFINITE_RECURSION = YES;
				CLANG_WARN_INT_CONVERSION = YES;
				CLANG_WARN_NON_LITERAL_NULL_CONVERSION = YES;
				CLANG_WARN_OBJC_IMPLICIT_RETAIN_SELF = YES;
				CLANG_WARN_OBJC_LITERAL_CONVERSION = YES;
				CLANG_WARN_OBJC_ROOT_CLASS = YES_ERROR;
				CLANG_WARN_QUOTED_INCLUDE_IN_FRAMEWORK_HEADER = YES;
				CLANG_WARN_RANGE_LOOP_ANALYSIS = YES;
				CLANG_WARN_STRICT_PROTOTYPES = YES;
				CLANG_WARN_SUSPICIOUS_MOVE = YES;
				CLANG_WARN_UNGUARDED_AVAILABILITY = YES_AGGRESSIVE;
				CLANG_WARN_UNREACHABLE_CODE = YES;
				CLANG_WARN__DUPLICATE_METHOD_MATCH = YES;
				COPY_PHASE_STRIP = NO;
				DEBUG_INFORMATION_FORMAT = dwarf;
				ENABLE_STRICT_OBJC_MSGSEND = YES;
				ENABLE_TESTABILITY = YES;
				GCC_C_LANGUAGE_STANDARD = gnu11;
				GCC_DYNAMIC_NO_PIC = NO;
				GCC_NO_COMMON_BLOCKS = YES;
				GCC_OPTIMIZATION_LEVEL = 0;
				GCC_PREPROCESSOR_DEFINITIONS = (
					"DEBUG=1",
					"$(inherited)",
				);
				GCC_WARN_64_TO_32_BIT_CONVERSION = YES;
				GCC_WARN_ABOUT_RETURN_TYPE = YES_ERROR;
				GCC_WARN_UNDECLARED_SELECTOR = YES;
				GCC_WARN_UNINITIALIZED_AUTOS = YES_AGGRESSIVE;
				GCC_WARN_UNUSED_FUNCTION = YES;
				GCC_WARN_UNUSED_VARIABLE = YES;
				IPHONEOS_DEPLOYMENT_TARGET = 16.0;
				MTL_ENABLE_DEBUG_INFO = INCLUDE_SOURCE;
				MTL_FAST_MATH = YES;
				ONLY_ACTIVE_ARCH = YES;
				SDKROOT = iphoneos;
				SWIFT_ACTIVE_COMPILATION_CONDITIONS = DEBUG;
				SWIFT_OPTIMIZATION_LEVEL = "-Onone";
			};
			name = Debug;
		};
		BDA18F8A29521AE000C0EAE2 /* Release */ = {
			isa = XCBuildConfiguration;
			buildSettings = {
				ALWAYS_SEARCH_USER_PATHS = NO;
				CLANG_ANALYZER_NONNULL = YES;
				CLANG_ANALYZER_NUMBER_OBJECT_CONVERSION = YES_AGGRESSIVE;
				CLANG_CXX_LANGUAGE_STANDARD = "gnu++20";
				CLANG_ENABLE_MODULES = YES;
				CLANG_ENABLE_OBJC_ARC = YES;
				CLANG_ENABLE_OBJC_WEAK = YES;
				CLANG_WARN_BLOCK_CAPTURE_AUTORELEASING = YES;
				CLANG_WARN_BOOL_CONVERSION = YES;
				CLANG_WARN_COMMA = YES;
				CLANG_WARN_CONSTANT_CONVERSION = YES;
				CLANG_WARN_DEPRECATED_OBJC_IMPLEMENTATIONS = YES;
				CLANG_WARN_DIRECT_OBJC_ISA_USAGE = YES_ERROR;
				CLANG_WARN_DOCUMENTATION_COMMENTS = YES;
				CLANG_WARN_EMPTY_BODY = YES;
				CLANG_WARN_ENUM_CONVERSION = YES;
				CLANG_WARN_INFINITE_RECURSION = YES;
				CLANG_WARN_INT_CONVERSION = YES;
				CLANG_WARN_NON_LITERAL_NULL_CONVERSION = YES;
				CLANG_WARN_OBJC_IMPLICIT_RETAIN_SELF = YES;
				CLANG_WARN_OBJC_LITERAL_CONVERSION = YES;
				CLANG_WARN_OBJC_ROOT_CLASS = YES_ERROR;
				CLANG_WARN_QUOTED_INCLUDE_IN_FRAMEWORK_HEADER = YES;
				CLANG_WARN_RANGE_LOOP_ANALYSIS = YES;
				CLANG_WARN_STRICT_PROTOTYPES = YES;
				CLANG_WARN_SUSPICIOUS_MOVE = YES;
				CLANG_WARN_UNGUARDED_AVAILABILITY = YES_AGGRESSIVE;
				CLANG_WARN_UNREACHABLE_CODE = YES;
				CLANG_WARN__DUPLICATE_METHOD_MATCH = YES;
				COPY_PHASE_STRIP = NO;
				DEBUG_INFORMATION_FORMAT = "dwarf-with-dsym";
				ENABLE_NS_ASSERTIONS = NO;
				ENABLE_STRICT_OBJC_MSGSEND = YES;
				GCC_C_LANGUAGE_STANDARD = gnu11;
				GCC_NO_COMMON_BLOCKS = YES;
				GCC_WARN_64_TO_32_BIT_CONVERSION = YES;
				GCC_WARN_ABOUT_RETURN_TYPE = YES_ERROR;
				GCC_WARN_UNDECLARED_SELECTOR = YES;
				GCC_WARN_UNINITIALIZED_AUTOS = YES_AGGRESSIVE;
				GCC_WARN_UNUSED_FUNCTION = YES;
				GCC_WARN_UNUSED_VARIABLE = YES;
				IPHONEOS_DEPLOYMENT_TARGET = 16.0;
				MTL_ENABLE_DEBUG_INFO = NO;
				MTL_FAST_MATH = YES;
				SDKROOT = iphoneos;
				SWIFT_COMPILATION_MODE = wholemodule;
				SWIFT_OPTIMIZATION_LEVEL = "-O";
				VALIDATE_PRODUCT = YES;
			};
			name = Release;
		};
		BDA18F8C29521AE000C0EAE2 /* Debug */ = {
			isa = XCBuildConfiguration;
			baseConfigurationReference = 581147F4E2B552B5C1747763 /* Pods-PowerPlay.debug.xcconfig */;
			buildSettings = {
				ASSETCATALOG_COMPILER_APPICON_NAME = AppIcon;
				ASSETCATALOG_COMPILER_GLOBAL_ACCENT_COLOR_NAME = AccentColor;
				CODE_SIGN_STYLE = Automatic;
				CURRENT_PROJECT_VERSION = 1;
				DEVELOPMENT_TEAM = 6R59JHT6PY;
				GENERATE_INFOPLIST_FILE = YES;
				INFOPLIST_FILE = PowerPlay/Info.plist;
				INFOPLIST_KEY_UIApplicationSupportsIndirectInputEvents = YES;
				INFOPLIST_KEY_UILaunchStoryboardName = LaunchScreen;
				INFOPLIST_KEY_UIMainStoryboardFile = Main;
				INFOPLIST_KEY_UISupportedInterfaceOrientations_iPad = "UIInterfaceOrientationPortrait UIInterfaceOrientationPortraitUpsideDown UIInterfaceOrientationLandscapeLeft UIInterfaceOrientationLandscapeRight";
				INFOPLIST_KEY_UISupportedInterfaceOrientations_iPhone = "UIInterfaceOrientationPortrait UIInterfaceOrientationLandscapeLeft UIInterfaceOrientationLandscapeRight";
				LD_RUNPATH_SEARCH_PATHS = (
					"$(inherited)",
					"@executable_path/Frameworks",
				);
				MARKETING_VERSION = 1.0;
				PRODUCT_BUNDLE_IDENTIFIER = drukstore.PowerPlay;
				PRODUCT_NAME = "$(TARGET_NAME)";
				SWIFT_EMIT_LOC_STRINGS = YES;
				SWIFT_VERSION = 5.0;
				TARGETED_DEVICE_FAMILY = "1,2";
			};
			name = Debug;
		};
		BDA18F8D29521AE000C0EAE2 /* Release */ = {
			isa = XCBuildConfiguration;
			baseConfigurationReference = 0532D30F75C2F3808ACE03BE /* Pods-PowerPlay.release.xcconfig */;
			buildSettings = {
				ASSETCATALOG_COMPILER_APPICON_NAME = AppIcon;
				ASSETCATALOG_COMPILER_GLOBAL_ACCENT_COLOR_NAME = AccentColor;
				CODE_SIGN_STYLE = Automatic;
				CURRENT_PROJECT_VERSION = 1;
				DEVELOPMENT_TEAM = 6R59JHT6PY;
				GENERATE_INFOPLIST_FILE = YES;
				INFOPLIST_FILE = PowerPlay/Info.plist;
				INFOPLIST_KEY_UIApplicationSupportsIndirectInputEvents = YES;
				INFOPLIST_KEY_UILaunchStoryboardName = LaunchScreen;
				INFOPLIST_KEY_UIMainStoryboardFile = Main;
				INFOPLIST_KEY_UISupportedInterfaceOrientations_iPad = "UIInterfaceOrientationPortrait UIInterfaceOrientationPortraitUpsideDown UIInterfaceOrientationLandscapeLeft UIInterfaceOrientationLandscapeRight";
				INFOPLIST_KEY_UISupportedInterfaceOrientations_iPhone = "UIInterfaceOrientationPortrait UIInterfaceOrientationLandscapeLeft UIInterfaceOrientationLandscapeRight";
				LD_RUNPATH_SEARCH_PATHS = (
					"$(inherited)",
					"@executable_path/Frameworks",
				);
				MARKETING_VERSION = 1.0;
				PRODUCT_BUNDLE_IDENTIFIER = drukstore.PowerPlay;
				PRODUCT_NAME = "$(TARGET_NAME)";
				SWIFT_EMIT_LOC_STRINGS = YES;
				SWIFT_VERSION = 5.0;
				TARGETED_DEVICE_FAMILY = "1,2";
			};
			name = Release;
		};
/* End XCBuildConfiguration section */

/* Begin XCConfigurationList section */
		BDA18F7229521ADE00C0EAE2 /* Build configuration list for PBXProject "PowerPlay" */ = {
			isa = XCConfigurationList;
			buildConfigurations = (
				BDA18F8929521AE000C0EAE2 /* Debug */,
				BDA18F8A29521AE000C0EAE2 /* Release */,
			);
			defaultConfigurationIsVisible = 0;
			defaultConfigurationName = Release;
		};
		BDA18F8B29521AE000C0EAE2 /* Build configuration list for PBXNativeTarget "PowerPlay" */ = {
			isa = XCConfigurationList;
			buildConfigurations = (
				BDA18F8C29521AE000C0EAE2 /* Debug */,
				BDA18F8D29521AE000C0EAE2 /* Release */,
			);
			defaultConfigurationIsVisible = 0;
			defaultConfigurationName = Release;
		};
/* End XCConfigurationList section */
	};
	rootObject = BDA18F6F29521ADE00C0EAE2 /* Project object */;
}
